// !$*UTF8*$!
{
	archiveVersion = 1;
	classes = {
	};
	objectVersion = 51;
	objects = {

/* Begin PBXBuildFile section */
		04A82CFD22CD94AC00E9BC78 /* AppDelegate.swift in Sources */ = {isa = PBXBuildFile; fileRef = 04A82CFC22CD94AC00E9BC78 /* AppDelegate.swift */; };
		04A82CFF22CD94AC00E9BC78 /* ViewController.swift in Sources */ = {isa = PBXBuildFile; fileRef = 04A82CFE22CD94AC00E9BC78 /* ViewController.swift */; };
		04A82D0222CD94AC00E9BC78 /* Main.storyboard in Resources */ = {isa = PBXBuildFile; fileRef = 04A82D0022CD94AC00E9BC78 /* Main.storyboard */; };
		04A82D0422CD94AE00E9BC78 /* Assets.xcassets in Resources */ = {isa = PBXBuildFile; fileRef = 04A82D0322CD94AE00E9BC78 /* Assets.xcassets */; };
		04A82D0722CD94AE00E9BC78 /* LaunchScreen.storyboard in Resources */ = {isa = PBXBuildFile; fileRef = 04A82D0522CD94AE00E9BC78 /* LaunchScreen.storyboard */; };
		04A82D1222CD94AE00E9BC78 /* NetworkTests.swift in Sources */ = {isa = PBXBuildFile; fileRef = 04A82D1122CD94AE00E9BC78 /* NetworkTests.swift */; };
		04A82D1D22CD94AE00E9BC78 /* NetworkUITests.swift in Sources */ = {isa = PBXBuildFile; fileRef = 04A82D1C22CD94AE00E9BC78 /* NetworkUITests.swift */; };
		04B5CCB822CDEC5C00BC3D46 /* LZRootModel.swift in Sources */ = {isa = PBXBuildFile; fileRef = 04B5CCB722CDEC5C00BC3D46 /* LZRootModel.swift */; };
		04B5CCBA22CDF82F00BC3D46 /* Request.swift in Sources */ = {isa = PBXBuildFile; fileRef = 04B5CCB922CDF82F00BC3D46 /* Request.swift */; };
		04B5CCBD22CDFB9800BC3D46 /* LZListVM.swift in Sources */ = {isa = PBXBuildFile; fileRef = 04B5CCBC22CDFB9800BC3D46 /* LZListVM.swift */; };
		04F6B06122D4896E00A5C7A0 /* APIPosts.swift in Sources */ = {isa = PBXBuildFile; fileRef = 04F6B06022D4896E00A5C7A0 /* APIPosts.swift */; };
		0BA57F220DF584F3F2C8FC7B /* Pods_NetworkTests.framework in Frameworks */ = {isa = PBXBuildFile; fileRef = DA45DB8990195A10DB9828C4 /* Pods_NetworkTests.framework */; };
		AF9DBFBE961E11902C679003 /* Pods_Network.framework in Frameworks */ = {isa = PBXBuildFile; fileRef = 76500270CE02D6373F2BC3E6 /* Pods_Network.framework */; };
		DBD099CD83E0E79B6CA5A6D1 /* Pods_NetworkUITests.framework in Frameworks */ = {isa = PBXBuildFile; fileRef = 9E7693C3EC0EBADBD31F3D99 /* Pods_NetworkUITests.framework */; };
/* End PBXBuildFile section */

/* Begin PBXContainerItemProxy section */
		04A82D0E22CD94AE00E9BC78 /* PBXContainerItemProxy */ = {
			isa = PBXContainerItemProxy;
			containerPortal = 04A82CF122CD94AC00E9BC78 /* Project object */;
			proxyType = 1;
			remoteGlobalIDString = 04A82CF822CD94AC00E9BC78;
			remoteInfo = Network;
		};
		04A82D1922CD94AE00E9BC78 /* PBXContainerItemProxy */ = {
			isa = PBXContainerItemProxy;
			containerPortal = 04A82CF122CD94AC00E9BC78 /* Project object */;
			proxyType = 1;
			remoteGlobalIDString = 04A82CF822CD94AC00E9BC78;
			remoteInfo = Network;
		};
/* End PBXContainerItemProxy section */

/* Begin PBXFileReference section */
		04A82CF922CD94AC00E9BC78 /* Network.app */ = {isa = PBXFileReference; explicitFileType = wrapper.application; includeInIndex = 0; path = Network.app; sourceTree = BUILT_PRODUCTS_DIR; };
		04A82CFC22CD94AC00E9BC78 /* AppDelegate.swift */ = {isa = PBXFileReference; lastKnownFileType = sourcecode.swift; path = AppDelegate.swift; sourceTree = "<group>"; };
		04A82CFE22CD94AC00E9BC78 /* ViewController.swift */ = {isa = PBXFileReference; lastKnownFileType = sourcecode.swift; path = ViewController.swift; sourceTree = "<group>"; };
		04A82D0122CD94AC00E9BC78 /* Base */ = {isa = PBXFileReference; lastKnownFileType = file.storyboard; name = Base; path = Base.lproj/Main.storyboard; sourceTree = "<group>"; };
		04A82D0322CD94AE00E9BC78 /* Assets.xcassets */ = {isa = PBXFileReference; lastKnownFileType = folder.assetcatalog; path = Assets.xcassets; sourceTree = "<group>"; };
		04A82D0622CD94AE00E9BC78 /* Base */ = {isa = PBXFileReference; lastKnownFileType = file.storyboard; name = Base; path = Base.lproj/LaunchScreen.storyboard; sourceTree = "<group>"; };
		04A82D0822CD94AE00E9BC78 /* Info.plist */ = {isa = PBXFileReference; lastKnownFileType = text.plist.xml; path = Info.plist; sourceTree = "<group>"; };
		04A82D0D22CD94AE00E9BC78 /* NetworkTests.xctest */ = {isa = PBXFileReference; explicitFileType = wrapper.cfbundle; includeInIndex = 0; path = NetworkTests.xctest; sourceTree = BUILT_PRODUCTS_DIR; };
		04A82D1122CD94AE00E9BC78 /* NetworkTests.swift */ = {isa = PBXFileReference; lastKnownFileType = sourcecode.swift; path = NetworkTests.swift; sourceTree = "<group>"; };
		04A82D1322CD94AE00E9BC78 /* Info.plist */ = {isa = PBXFileReference; lastKnownFileType = text.plist.xml; path = Info.plist; sourceTree = "<group>"; };
		04A82D1822CD94AE00E9BC78 /* NetworkUITests.xctest */ = {isa = PBXFileReference; explicitFileType = wrapper.cfbundle; includeInIndex = 0; path = NetworkUITests.xctest; sourceTree = BUILT_PRODUCTS_DIR; };
		04A82D1C22CD94AE00E9BC78 /* NetworkUITests.swift */ = {isa = PBXFileReference; lastKnownFileType = sourcecode.swift; path = NetworkUITests.swift; sourceTree = "<group>"; };
		04A82D1E22CD94AE00E9BC78 /* Info.plist */ = {isa = PBXFileReference; lastKnownFileType = text.plist.xml; path = Info.plist; sourceTree = "<group>"; };
		04B5CCB722CDEC5C00BC3D46 /* LZRootModel.swift */ = {isa = PBXFileReference; lastKnownFileType = sourcecode.swift; path = LZRootModel.swift; sourceTree = "<group>"; };
		04B5CCB922CDF82F00BC3D46 /* Request.swift */ = {isa = PBXFileReference; lastKnownFileType = sourcecode.swift; path = Request.swift; sourceTree = "<group>"; };
		04B5CCBC22CDFB9800BC3D46 /* LZListVM.swift */ = {isa = PBXFileReference; lastKnownFileType = sourcecode.swift; path = LZListVM.swift; sourceTree = "<group>"; };
		04F6B06022D4896E00A5C7A0 /* APIPosts.swift */ = {isa = PBXFileReference; fileEncoding = 4; lastKnownFileType = sourcecode.swift; path = APIPosts.swift; sourceTree = "<group>"; };
		140BA59F4A336DBB42BFF250 /* Pods-NetworkTests.release.xcconfig */ = {isa = PBXFileReference; includeInIndex = 1; lastKnownFileType = text.xcconfig; name = "Pods-NetworkTests.release.xcconfig"; path = "Target Support Files/Pods-NetworkTests/Pods-NetworkTests.release.xcconfig"; sourceTree = "<group>"; };
		36106F3499ED3008F8DA55D7 /* Pods-NetworkTests.debug.xcconfig */ = {isa = PBXFileReference; includeInIndex = 1; lastKnownFileType = text.xcconfig; name = "Pods-NetworkTests.debug.xcconfig"; path = "Target Support Files/Pods-NetworkTests/Pods-NetworkTests.debug.xcconfig"; sourceTree = "<group>"; };
		54B4DBC5C30CA541A29A6724 /* Pods-Network.release.xcconfig */ = {isa = PBXFileReference; includeInIndex = 1; lastKnownFileType = text.xcconfig; name = "Pods-Network.release.xcconfig"; path = "Target Support Files/Pods-Network/Pods-Network.release.xcconfig"; sourceTree = "<group>"; };
		76500270CE02D6373F2BC3E6 /* Pods_Network.framework */ = {isa = PBXFileReference; explicitFileType = wrapper.framework; includeInIndex = 0; path = Pods_Network.framework; sourceTree = BUILT_PRODUCTS_DIR; };
		780819A50EE03C4EFB098DA5 /* Pods-Network.debug.xcconfig */ = {isa = PBXFileReference; includeInIndex = 1; lastKnownFileType = text.xcconfig; name = "Pods-Network.debug.xcconfig"; path = "Target Support Files/Pods-Network/Pods-Network.debug.xcconfig"; sourceTree = "<group>"; };
		9E7693C3EC0EBADBD31F3D99 /* Pods_NetworkUITests.framework */ = {isa = PBXFileReference; explicitFileType = wrapper.framework; includeInIndex = 0; path = Pods_NetworkUITests.framework; sourceTree = BUILT_PRODUCTS_DIR; };
		D76E2FB827980A08B3277E55 /* Pods-NetworkUITests.debug.xcconfig */ = {isa = PBXFileReference; includeInIndex = 1; lastKnownFileType = text.xcconfig; name = "Pods-NetworkUITests.debug.xcconfig"; path = "Target Support Files/Pods-NetworkUITests/Pods-NetworkUITests.debug.xcconfig"; sourceTree = "<group>"; };
		DA45DB8990195A10DB9828C4 /* Pods_NetworkTests.framework */ = {isa = PBXFileReference; explicitFileType = wrapper.framework; includeInIndex = 0; path = Pods_NetworkTests.framework; sourceTree = BUILT_PRODUCTS_DIR; };
		DC7B22B7DDE8F053C5FC094A /* Pods-NetworkUITests.release.xcconfig */ = {isa = PBXFileReference; includeInIndex = 1; lastKnownFileType = text.xcconfig; name = "Pods-NetworkUITests.release.xcconfig"; path = "Target Support Files/Pods-NetworkUITests/Pods-NetworkUITests.release.xcconfig"; sourceTree = "<group>"; };
/* End PBXFileReference section */

/* Begin PBXFrameworksBuildPhase section */
		04A82CF622CD94AC00E9BC78 /* Frameworks */ = {
			isa = PBXFrameworksBuildPhase;
			buildActionMask = 2147483647;
			files = (
				AF9DBFBE961E11902C679003 /* Pods_Network.framework in Frameworks */,
			);
			runOnlyForDeploymentPostprocessing = 0;
		};
		04A82D0A22CD94AE00E9BC78 /* Frameworks */ = {
			isa = PBXFrameworksBuildPhase;
			buildActionMask = 2147483647;
			files = (
				0BA57F220DF584F3F2C8FC7B /* Pods_NetworkTests.framework in Frameworks */,
			);
			runOnlyForDeploymentPostprocessing = 0;
		};
		04A82D1522CD94AE00E9BC78 /* Frameworks */ = {
			isa = PBXFrameworksBuildPhase;
			buildActionMask = 2147483647;
			files = (
				DBD099CD83E0E79B6CA5A6D1 /* Pods_NetworkUITests.framework in Frameworks */,
			);
			runOnlyForDeploymentPostprocessing = 0;
		};
/* End PBXFrameworksBuildPhase section */

/* Begin PBXGroup section */
		04A82CF022CD94AC00E9BC78 = {
			isa = PBXGroup;
			children = (
				04A82CFB22CD94AC00E9BC78 /* Network */,
				04A82D1022CD94AE00E9BC78 /* NetworkTests */,
				04A82D1B22CD94AE00E9BC78 /* NetworkUITests */,
				04A82CFA22CD94AC00E9BC78 /* Products */,
				BA98F540C6C123DBD542632F /* Pods */,
				AFDB96BAB3E7B21705C4DF97 /* Frameworks */,
			);
			sourceTree = "<group>";
		};
		04A82CFA22CD94AC00E9BC78 /* Products */ = {
			isa = PBXGroup;
			children = (
				04A82CF922CD94AC00E9BC78 /* Network.app */,
				04A82D0D22CD94AE00E9BC78 /* NetworkTests.xctest */,
				04A82D1822CD94AE00E9BC78 /* NetworkUITests.xctest */,
			);
			name = Products;
			sourceTree = "<group>";
		};
		04A82CFB22CD94AC00E9BC78 /* Network */ = {
			isa = PBXGroup;
			children = (
				04B5CCBB22CDFB8600BC3D46 /* VM */,
				04B5CCB622CDEC3D00BC3D46 /* Model */,
				04A82CFC22CD94AC00E9BC78 /* AppDelegate.swift */,
				04A82CFE22CD94AC00E9BC78 /* ViewController.swift */,
				04A82D0022CD94AC00E9BC78 /* Main.storyboard */,
				04A82D0322CD94AE00E9BC78 /* Assets.xcassets */,
				04A82D0522CD94AE00E9BC78 /* LaunchScreen.storyboard */,
				04A82D0822CD94AE00E9BC78 /* Info.plist */,
			);
			path = Network;
			sourceTree = "<group>";
		};
		04A82D1022CD94AE00E9BC78 /* NetworkTests */ = {
			isa = PBXGroup;
			children = (
				04A82D1122CD94AE00E9BC78 /* NetworkTests.swift */,
				04A82D1322CD94AE00E9BC78 /* Info.plist */,
			);
			path = NetworkTests;
			sourceTree = "<group>";
		};
		04A82D1B22CD94AE00E9BC78 /* NetworkUITests */ = {
			isa = PBXGroup;
			children = (
				04A82D1C22CD94AE00E9BC78 /* NetworkUITests.swift */,
				04A82D1E22CD94AE00E9BC78 /* Info.plist */,
			);
			path = NetworkUITests;
			sourceTree = "<group>";
		};
		04B5CCB622CDEC3D00BC3D46 /* Model */ = {
			isa = PBXGroup;
			children = (
				04F6B06022D4896E00A5C7A0 /* APIPosts.swift */,
				04B5CCB722CDEC5C00BC3D46 /* LZRootModel.swift */,
				04B5CCB922CDF82F00BC3D46 /* Request.swift */,
			);
			path = Model;
			sourceTree = "<group>";
		};
		04B5CCBB22CDFB8600BC3D46 /* VM */ = {
			isa = PBXGroup;
			children = (
				04B5CCBC22CDFB9800BC3D46 /* LZListVM.swift */,
			);
			path = VM;
			sourceTree = "<group>";
		};
		AFDB96BAB3E7B21705C4DF97 /* Frameworks */ = {
			isa = PBXGroup;
			children = (
				76500270CE02D6373F2BC3E6 /* Pods_Network.framework */,
				DA45DB8990195A10DB9828C4 /* Pods_NetworkTests.framework */,
				9E7693C3EC0EBADBD31F3D99 /* Pods_NetworkUITests.framework */,
			);
			name = Frameworks;
			sourceTree = "<group>";
		};
		BA98F540C6C123DBD542632F /* Pods */ = {
			isa = PBXGroup;
			children = (
				780819A50EE03C4EFB098DA5 /* Pods-Network.debug.xcconfig */,
				54B4DBC5C30CA541A29A6724 /* Pods-Network.release.xcconfig */,
				36106F3499ED3008F8DA55D7 /* Pods-NetworkTests.debug.xcconfig */,
				140BA59F4A336DBB42BFF250 /* Pods-NetworkTests.release.xcconfig */,
				D76E2FB827980A08B3277E55 /* Pods-NetworkUITests.debug.xcconfig */,
				DC7B22B7DDE8F053C5FC094A /* Pods-NetworkUITests.release.xcconfig */,
			);
			path = Pods;
			sourceTree = "<group>";
		};
/* End PBXGroup section */

/* Begin PBXNativeTarget section */
		04A82CF822CD94AC00E9BC78 /* Network */ = {
			isa = PBXNativeTarget;
			buildConfigurationList = 04A82D2122CD94AE00E9BC78 /* Build configuration list for PBXNativeTarget "Network" */;
			buildPhases = (
				FA54688791F3FB56416C493A /* [CP] Check Pods Manifest.lock */,
				04A82CF522CD94AC00E9BC78 /* Sources */,
				04A82CF622CD94AC00E9BC78 /* Frameworks */,
				04A82CF722CD94AC00E9BC78 /* Resources */,
				B2C4EDE5A533F94E5E6CB7F7 /* [CP] Embed Pods Frameworks */,
			);
			buildRules = (
			);
			dependencies = (
			);
			name = Network;
			productName = Network;
			productReference = 04A82CF922CD94AC00E9BC78 /* Network.app */;
			productType = "com.apple.product-type.application";
		};
		04A82D0C22CD94AE00E9BC78 /* NetworkTests */ = {
			isa = PBXNativeTarget;
			buildConfigurationList = 04A82D2422CD94AE00E9BC78 /* Build configuration list for PBXNativeTarget "NetworkTests" */;
			buildPhases = (
				FD804734B1B184B985F43DC4 /* [CP] Check Pods Manifest.lock */,
				04A82D0922CD94AE00E9BC78 /* Sources */,
				04A82D0A22CD94AE00E9BC78 /* Frameworks */,
				04A82D0B22CD94AE00E9BC78 /* Resources */,
			);
			buildRules = (
			);
			dependencies = (
				04A82D0F22CD94AE00E9BC78 /* PBXTargetDependency */,
			);
			name = NetworkTests;
			productName = NetworkTests;
			productReference = 04A82D0D22CD94AE00E9BC78 /* NetworkTests.xctest */;
			productType = "com.apple.product-type.bundle.unit-test";
		};
		04A82D1722CD94AE00E9BC78 /* NetworkUITests */ = {
			isa = PBXNativeTarget;
			buildConfigurationList = 04A82D2722CD94AE00E9BC78 /* Build configuration list for PBXNativeTarget "NetworkUITests" */;
			buildPhases = (
				DFED15D34F1988EAF21E02D6 /* [CP] Check Pods Manifest.lock */,
				04A82D1422CD94AE00E9BC78 /* Sources */,
				04A82D1522CD94AE00E9BC78 /* Frameworks */,
				04A82D1622CD94AE00E9BC78 /* Resources */,
			);
			buildRules = (
			);
			dependencies = (
				04A82D1A22CD94AE00E9BC78 /* PBXTargetDependency */,
			);
			name = NetworkUITests;
			productName = NetworkUITests;
			productReference = 04A82D1822CD94AE00E9BC78 /* NetworkUITests.xctest */;
			productType = "com.apple.product-type.bundle.ui-testing";
		};
/* End PBXNativeTarget section */

/* Begin PBXProject section */
		04A82CF122CD94AC00E9BC78 /* Project object */ = {
			isa = PBXProject;
			attributes = {
				LastSwiftUpdateCheck = 1010;
				LastUpgradeCheck = 1010;
				ORGANIZATIONNAME = JiWuChao;
				TargetAttributes = {
					04A82CF822CD94AC00E9BC78 = {
						CreatedOnToolsVersion = 10.1;
					};
					04A82D0C22CD94AE00E9BC78 = {
						CreatedOnToolsVersion = 10.1;
						TestTargetID = 04A82CF822CD94AC00E9BC78;
					};
					04A82D1722CD94AE00E9BC78 = {
						CreatedOnToolsVersion = 10.1;
						TestTargetID = 04A82CF822CD94AC00E9BC78;
					};
				};
			};
			buildConfigurationList = 04A82CF422CD94AC00E9BC78 /* Build configuration list for PBXProject "Network" */;
			compatibilityVersion = "Xcode 9.3";
			developmentRegion = en;
			hasScannedForEncodings = 0;
			knownRegions = (
				en,
				Base,
			);
			mainGroup = 04A82CF022CD94AC00E9BC78;
			productRefGroup = 04A82CFA22CD94AC00E9BC78 /* Products */;
			projectDirPath = "";
			projectRoot = "";
			targets = (
				04A82CF822CD94AC00E9BC78 /* Network */,
				04A82D0C22CD94AE00E9BC78 /* NetworkTests */,
				04A82D1722CD94AE00E9BC78 /* NetworkUITests */,
			);
		};
/* End PBXProject section */

/* Begin PBXResourcesBuildPhase section */
		04A82CF722CD94AC00E9BC78 /* Resources */ = {
			isa = PBXResourcesBuildPhase;
			buildActionMask = 2147483647;
			files = (
				04A82D0722CD94AE00E9BC78 /* LaunchScreen.storyboard in Resources */,
				04A82D0422CD94AE00E9BC78 /* Assets.xcassets in Resources */,
				04A82D0222CD94AC00E9BC78 /* Main.storyboard in Resources */,
			);
			runOnlyForDeploymentPostprocessing = 0;
		};
		04A82D0B22CD94AE00E9BC78 /* Resources */ = {
			isa = PBXResourcesBuildPhase;
			buildActionMask = 2147483647;
			files = (
			);
			runOnlyForDeploymentPostprocessing = 0;
		};
		04A82D1622CD94AE00E9BC78 /* Resources */ = {
			isa = PBXResourcesBuildPhase;
			buildActionMask = 2147483647;
			files = (
			);
			runOnlyForDeploymentPostprocessing = 0;
		};
/* End PBXResourcesBuildPhase section */

/* Begin PBXShellScriptBuildPhase section */
		B2C4EDE5A533F94E5E6CB7F7 /* [CP] Embed Pods Frameworks */ = {
			isa = PBXShellScriptBuildPhase;
			buildActionMask = 2147483647;
			files = (
			);
			inputFileListPaths = (
				"${PODS_ROOT}/Target Support Files/Pods-Network/Pods-Network-frameworks-${CONFIGURATION}-input-files.xcfilelist",
			);
			name = "[CP] Embed Pods Frameworks";
			outputFileListPaths = (
				"${PODS_ROOT}/Target Support Files/Pods-Network/Pods-Network-frameworks-${CONFIGURATION}-output-files.xcfilelist",
			);
			runOnlyForDeploymentPostprocessing = 0;
			shellPath = /bin/sh;
			shellScript = "\"${PODS_ROOT}/Target Support Files/Pods-Network/Pods-Network-frameworks.sh\"\n";
			showEnvVarsInLog = 0;
		};
		DFED15D34F1988EAF21E02D6 /* [CP] Check Pods Manifest.lock */ = {
			isa = PBXShellScriptBuildPhase;
			buildActionMask = 2147483647;
			files = (
			);
			inputFileListPaths = (
			);
			inputPaths = (
				"${PODS_PODFILE_DIR_PATH}/Podfile.lock",
				"${PODS_ROOT}/Manifest.lock",
			);
			name = "[CP] Check Pods Manifest.lock";
			outputFileListPaths = (
			);
			outputPaths = (
				"$(DERIVED_FILE_DIR)/Pods-NetworkUITests-checkManifestLockResult.txt",
			);
			runOnlyForDeploymentPostprocessing = 0;
			shellPath = /bin/sh;
			shellScript = "diff \"${PODS_PODFILE_DIR_PATH}/Podfile.lock\" \"${PODS_ROOT}/Manifest.lock\" > /dev/null\nif [ $? != 0 ] ; then\n    # print error to STDERR\n    echo \"error: The sandbox is not in sync with the Podfile.lock. Run 'pod install' or update your CocoaPods installation.\" >&2\n    exit 1\nfi\n# This output is used by Xcode 'outputs' to avoid re-running this script phase.\necho \"SUCCESS\" > \"${SCRIPT_OUTPUT_FILE_0}\"\n";
			showEnvVarsInLog = 0;
		};
		FA54688791F3FB56416C493A /* [CP] Check Pods Manifest.lock */ = {
			isa = PBXShellScriptBuildPhase;
			buildActionMask = 2147483647;
			files = (
			);
			inputFileListPaths = (
			);
			inputPaths = (
				"${PODS_PODFILE_DIR_PATH}/Podfile.lock",
				"${PODS_ROOT}/Manifest.lock",
			);
			name = "[CP] Check Pods Manifest.lock";
			outputFileListPaths = (
			);
			outputPaths = (
				"$(DERIVED_FILE_DIR)/Pods-Network-checkManifestLockResult.txt",
			);
			runOnlyForDeploymentPostprocessing = 0;
			shellPath = /bin/sh;
			shellScript = "diff \"${PODS_PODFILE_DIR_PATH}/Podfile.lock\" \"${PODS_ROOT}/Manifest.lock\" > /dev/null\nif [ $? != 0 ] ; then\n    # print error to STDERR\n    echo \"error: The sandbox is not in sync with the Podfile.lock. Run 'pod install' or update your CocoaPods installation.\" >&2\n    exit 1\nfi\n# This output is used by Xcode 'outputs' to avoid re-running this script phase.\necho \"SUCCESS\" > \"${SCRIPT_OUTPUT_FILE_0}\"\n";
			showEnvVarsInLog = 0;
		};
		FD804734B1B184B985F43DC4 /* [CP] Check Pods Manifest.lock */ = {
			isa = PBXShellScriptBuildPhase;
			buildActionMask = 2147483647;
			files = (
			);
			inputFileListPaths = (
			);
			inputPaths = (
				"${PODS_PODFILE_DIR_PATH}/Podfile.lock",
				"${PODS_ROOT}/Manifest.lock",
			);
			name = "[CP] Check Pods Manifest.lock";
			outputFileListPaths = (
			);
			outputPaths = (
				"$(DERIVED_FILE_DIR)/Pods-NetworkTests-checkManifestLockResult.txt",
			);
			runOnlyForDeploymentPostprocessing = 0;
			shellPath = /bin/sh;
			shellScript = "diff \"${PODS_PODFILE_DIR_PATH}/Podfile.lock\" \"${PODS_ROOT}/Manifest.lock\" > /dev/null\nif [ $? != 0 ] ; then\n    # print error to STDERR\n    echo \"error: The sandbox is not in sync with the Podfile.lock. Run 'pod install' or update your CocoaPods installation.\" >&2\n    exit 1\nfi\n# This output is used by Xcode 'outputs' to avoid re-running this script phase.\necho \"SUCCESS\" > \"${SCRIPT_OUTPUT_FILE_0}\"\n";
			showEnvVarsInLog = 0;
		};
/* End PBXShellScriptBuildPhase section */

/* Begin PBXSourcesBuildPhase section */
		04A82CF522CD94AC00E9BC78 /* Sources */ = {
			isa = PBXSourcesBuildPhase;
			buildActionMask = 2147483647;
			files = (
				04F6B06122D4896E00A5C7A0 /* APIPosts.swift in Sources */,
				04A82CFF22CD94AC00E9BC78 /* ViewController.swift in Sources */,
				04B5CCBD22CDFB9800BC3D46 /* LZListVM.swift in Sources */,
				04B5CCBA22CDF82F00BC3D46 /* Request.swift in Sources */,
				04A82CFD22CD94AC00E9BC78 /* AppDelegate.swift in Sources */,
				04B5CCB822CDEC5C00BC3D46 /* LZRootModel.swift in Sources */,
			);
			runOnlyForDeploymentPostprocessing = 0;
		};
		04A82D0922CD94AE00E9BC78 /* Sources */ = {
			isa = PBXSourcesBuildPhase;
			buildActionMask = 2147483647;
			files = (
				04A82D1222CD94AE00E9BC78 /* NetworkTests.swift in Sources */,
			);
			runOnlyForDeploymentPostprocessing = 0;
		};
		04A82D1422CD94AE00E9BC78 /* Sources */ = {
			isa = PBXSourcesBuildPhase;
			buildActionMask = 2147483647;
			files = (
				04A82D1D22CD94AE00E9BC78 /* NetworkUITests.swift in Sources */,
			);
			runOnlyForDeploymentPostprocessing = 0;
		};
/* End PBXSourcesBuildPhase section */

/* Begin PBXTargetDependency section */
		04A82D0F22CD94AE00E9BC78 /* PBXTargetDependency */ = {
			isa = PBXTargetDependency;
			target = 04A82CF822CD94AC00E9BC78 /* Network */;
			targetProxy = 04A82D0E22CD94AE00E9BC78 /* PBXContainerItemProxy */;
		};
		04A82D1A22CD94AE00E9BC78 /* PBXTargetDependency */ = {
			isa = PBXTargetDependency;
			target = 04A82CF822CD94AC00E9BC78 /* Network */;
			targetProxy = 04A82D1922CD94AE00E9BC78 /* PBXContainerItemProxy */;
		};
/* End PBXTargetDependency section */

/* Begin PBXVariantGroup section */
		04A82D0022CD94AC00E9BC78 /* Main.storyboard */ = {
			isa = PBXVariantGroup;
			children = (
				04A82D0122CD94AC00E9BC78 /* Base */,
			);
			name = Main.storyboard;
			sourceTree = "<group>";
		};
		04A82D0522CD94AE00E9BC78 /* LaunchScreen.storyboard */ = {
			isa = PBXVariantGroup;
			children = (
				04A82D0622CD94AE00E9BC78 /* Base */,
			);
			name = LaunchScreen.storyboard;
			sourceTree = "<group>";
		};
/* End PBXVariantGroup section */

/* Begin XCBuildConfiguration section */
		04A82D1F22CD94AE00E9BC78 /* Debug */ = {
			isa = XCBuildConfiguration;
			buildSettings = {
				ALWAYS_SEARCH_USER_PATHS = NO;
				CLANG_ANALYZER_NONNULL = YES;
				CLANG_ANALYZER_NUMBER_OBJECT_CONVERSION = YES_AGGRESSIVE;
				CLANG_CXX_LANGUAGE_STANDARD = "gnu++14";
				CLANG_CXX_LIBRARY = "libc++";
				CLANG_ENABLE_MODULES = YES;
				CLANG_ENABLE_OBJC_ARC = YES;
				CLANG_ENABLE_OBJC_WEAK = YES;
				CLANG_WARN_BLOCK_CAPTURE_AUTORELEASING = YES;
				CLANG_WARN_BOOL_CONVERSION = YES;
				CLANG_WARN_COMMA = YES;
				CLANG_WARN_CONSTANT_CONVERSION = YES;
				CLANG_WARN_DEPRECATED_OBJC_IMPLEMENTATIONS = YES;
				CLANG_WARN_DIRECT_OBJC_ISA_USAGE = YES_ERROR;
				CLANG_WARN_DOCUMENTATION_COMMENTS = YES;
				CLANG_WARN_EMPTY_BODY = YES;
				CLANG_WARN_ENUM_CONVERSION = YES;
				CLANG_WARN_INFINITE_RECURSION = YES;
				CLANG_WARN_INT_CONVERSION = YES;
				CLANG_WARN_NON_LITERAL_NULL_CONVERSION = YES;
				CLANG_WARN_OBJC_IMPLICIT_RETAIN_SELF = YES;
				CLANG_WARN_OBJC_LITERAL_CONVERSION = YES;
				CLANG_WARN_OBJC_ROOT_CLASS = YES_ERROR;
				CLANG_WARN_RANGE_LOOP_ANALYSIS = YES;
				CLANG_WARN_STRICT_PROTOTYPES = YES;
				CLANG_WARN_SUSPICIOUS_MOVE = YES;
				CLANG_WARN_UNGUARDED_AVAILABILITY = YES_AGGRESSIVE;
				CLANG_WARN_UNREACHABLE_CODE = YES;
				CLANG_WARN__DUPLICATE_METHOD_MATCH = YES;
				CODE_SIGN_IDENTITY = "iPhone Developer";
				COPY_PHASE_STRIP = NO;
				DEBUG_INFORMATION_FORMAT = dwarf;
				ENABLE_STRICT_OBJC_MSGSEND = YES;
				ENABLE_TESTABILITY = YES;
				GCC_C_LANGUAGE_STANDARD = gnu11;
				GCC_DYNAMIC_NO_PIC = NO;
				GCC_NO_COMMON_BLOCKS = YES;
				GCC_OPTIMIZATION_LEVEL = 0;
				GCC_PREPROCESSOR_DEFINITIONS = (
					"DEBUG=1",
					"$(inherited)",
				);
				GCC_WARN_64_TO_32_BIT_CONVERSION = YES;
				GCC_WARN_ABOUT_RETURN_TYPE = YES_ERROR;
				GCC_WARN_UNDECLARED_SELECTOR = YES;
				GCC_WARN_UNINITIALIZED_AUTOS = YES_AGGRESSIVE;
				GCC_WARN_UNUSED_FUNCTION = YES;
				GCC_WARN_UNUSED_VARIABLE = YES;
				IPHONEOS_DEPLOYMENT_TARGET = 12.1;
				MTL_ENABLE_DEBUG_INFO = INCLUDE_SOURCE;
				MTL_FAST_MATH = YES;
				ONLY_ACTIVE_ARCH = YES;
				SDKROOT = iphoneos;
				SWIFT_ACTIVE_COMPILATION_CONDITIONS = DEBUG;
				SWIFT_OPTIMIZATION_LEVEL = "-Onone";
			};
			name = Debug;
		};
		04A82D2022CD94AE00E9BC78 /* Release */ = {
			isa = XCBuildConfiguration;
			buildSettings = {
				ALWAYS_SEARCH_USER_PATHS = NO;
				CLANG_ANALYZER_NONNULL = YES;
				CLANG_ANALYZER_NUMBER_OBJECT_CONVERSION = YES_AGGRESSIVE;
				CLANG_CXX_LANGUAGE_STANDARD = "gnu++14";
				CLANG_CXX_LIBRARY = "libc++";
				CLANG_ENABLE_MODULES = YES;
				CLANG_ENABLE_OBJC_ARC = YES;
				CLANG_ENABLE_OBJC_WEAK = YES;
				CLANG_WARN_BLOCK_CAPTURE_AUTORELEASING = YES;
				CLANG_WARN_BOOL_CONVERSION = YES;
				CLANG_WARN_COMMA = YES;
				CLANG_WARN_CONSTANT_CONVERSION = YES;
				CLANG_WARN_DEPRECATED_OBJC_IMPLEMENTATIONS = YES;
				CLANG_WARN_DIRECT_OBJC_ISA_USAGE = YES_ERROR;
				CLANG_WARN_DOCUMENTATION_COMMENTS = YES;
				CLANG_WARN_EMPTY_BODY = YES;
				CLANG_WARN_ENUM_CONVERSION = YES;
				CLANG_WARN_INFINITE_RECURSION = YES;
				CLANG_WARN_INT_CONVERSION = YES;
				CLANG_WARN_NON_LITERAL_NULL_CONVERSION = YES;
				CLANG_WARN_OBJC_IMPLICIT_RETAIN_SELF = YES;
				CLANG_WARN_OBJC_LITERAL_CONVERSION = YES;
				CLANG_WARN_OBJC_ROOT_CLASS = YES_ERROR;
				CLANG_WARN_RANGE_LOOP_ANALYSIS = YES;
				CLANG_WARN_STRICT_PROTOTYPES = YES;
				CLANG_WARN_SUSPICIOUS_MOVE = YES;
				CLANG_WARN_UNGUARDED_AVAILABILITY = YES_AGGRESSIVE;
				CLANG_WARN_UNREACHABLE_CODE = YES;
				CLANG_WARN__DUPLICATE_METHOD_MATCH = YES;
				CODE_SIGN_IDENTITY = "iPhone Developer";
				COPY_PHASE_STRIP = NO;
				DEBUG_INFORMATION_FORMAT = "dwarf-with-dsym";
				ENABLE_NS_ASSERTIONS = NO;
				ENABLE_STRICT_OBJC_MSGSEND = YES;
				GCC_C_LANGUAGE_STANDARD = gnu11;
				GCC_NO_COMMON_BLOCKS = YES;
				GCC_WARN_64_TO_32_BIT_CONVERSION = YES;
				GCC_WARN_ABOUT_RETURN_TYPE = YES_ERROR;
				GCC_WARN_UNDECLARED_SELECTOR = YES;
				GCC_WARN_UNINITIALIZED_AUTOS = YES_AGGRESSIVE;
				GCC_WARN_UNUSED_FUNCTION = YES;
				GCC_WARN_UNUSED_VARIABLE = YES;
				IPHONEOS_DEPLOYMENT_TARGET = 12.1;
				MTL_ENABLE_DEBUG_INFO = NO;
				MTL_FAST_MATH = YES;
				SDKROOT = iphoneos;
				SWIFT_COMPILATION_MODE = wholemodule;
				SWIFT_OPTIMIZATION_LEVEL = "-O";
				VALIDATE_PRODUCT = YES;
			};
			name = Release;
		};
		04A82D2222CD94AE00E9BC78 /* Debug */ = {
			isa = XCBuildConfiguration;
			baseConfigurationReference = 780819A50EE03C4EFB098DA5 /* Pods-Network.debug.xcconfig */;
			buildSettings = {
				ASSETCATALOG_COMPILER_APPICON_NAME = AppIcon;
				CODE_SIGN_IDENTITY = "iPhone Developer";
				CODE_SIGN_STYLE = Manual;
				DEVELOPMENT_TEAM = VL8XG585S5;
				INFOPLIST_FILE = Network/Info.plist;
				IPHONEOS_DEPLOYMENT_TARGET = 10.0;
				LD_RUNPATH_SEARCH_PATHS = (
					"$(inherited)",
					"@executable_path/Frameworks",
				);
				PRODUCT_BUNDLE_IDENTIFIER = com.longzhu.tga;
				PRODUCT_NAME = "$(TARGET_NAME)";
				PROVISIONING_PROFILE_SPECIFIER = UnicourtLongzhuDev;
				SWIFT_VERSION = 4.2;
				TARGETED_DEVICE_FAMILY = "1,2";
			};
			name = Debug;
		};
		04A82D2322CD94AE00E9BC78 /* Release */ = {
			isa = XCBuildConfiguration;
			baseConfigurationReference = 54B4DBC5C30CA541A29A6724 /* Pods-Network.release.xcconfig */;
			buildSettings = {
				ASSETCATALOG_COMPILER_APPICON_NAME = AppIcon;
				CODE_SIGN_IDENTITY = "iPhone Developer";
				CODE_SIGN_STYLE = Manual;
				DEVELOPMENT_TEAM = "";
				INFOPLIST_FILE = Network/Info.plist;
				IPHONEOS_DEPLOYMENT_TARGET = 10.0;
				LD_RUNPATH_SEARCH_PATHS = (
					"$(inherited)",
					"@executable_path/Frameworks",
				);
				PRODUCT_BUNDLE_IDENTIFIER = com.longzhu.tga;
				PRODUCT_NAME = "$(TARGET_NAME)";
				PROVISIONING_PROFILE_SPECIFIER = "";
				SWIFT_VERSION = 4.2;
				TARGETED_DEVICE_FAMILY = "1,2";
			};
			name = Release;
		};
		04A82D2522CD94AE00E9BC78 /* Debug */ = {
			isa = XCBuildConfiguration;
			baseConfigurationReference = 36106F3499ED3008F8DA55D7 /* Pods-NetworkTests.debug.xcconfig */;
			buildSettings = {
				ALWAYS_EMBED_SWIFT_STANDARD_LIBRARIES = YES;
				BUNDLE_LOADER = "$(TEST_HOST)";
				CODE_SIGN_STYLE = Automatic;
				INFOPLIST_FILE = NetworkTests/Info.plist;
				LD_RUNPATH_SEARCH_PATHS = (
					"$(inherited)",
					"@executable_path/Frameworks",
					"@loader_path/Frameworks",
				);
				PRODUCT_BUNDLE_IDENTIFIER = sss.NetworkTests;
				PRODUCT_NAME = "$(TARGET_NAME)";
				SWIFT_VERSION = 4.2;
				TARGETED_DEVICE_FAMILY = "1,2";
				TEST_HOST = "$(BUILT_PRODUCTS_DIR)/Network.app/Network";
			};
			name = Debug;
		};
		04A82D2622CD94AE00E9BC78 /* Release */ = {
			isa = XCBuildConfiguration;
			baseConfigurationReference = 140BA59F4A336DBB42BFF250 /* Pods-NetworkTests.release.xcconfig */;
			buildSettings = {
				ALWAYS_EMBED_SWIFT_STANDARD_LIBRARIES = YES;
				BUNDLE_LOADER = "$(TEST_HOST)";
				CODE_SIGN_STYLE = Automatic;
				INFOPLIST_FILE = NetworkTests/Info.plist;
				LD_RUNPATH_SEARCH_PATHS = (
					"$(inherited)",
					"@executable_path/Frameworks",
					"@loader_path/Frameworks",
				);
				PRODUCT_BUNDLE_IDENTIFIER = sss.NetworkTests;
				PRODUCT_NAME = "$(TARGET_NAME)";
				SWIFT_VERSION = 4.2;
				TARGETED_DEVICE_FAMILY = "1,2";
				TEST_HOST = "$(BUILT_PRODUCTS_DIR)/Network.app/Network";
			};
			name = Release;
		};
		04A82D2822CD94AE00E9BC78 /* Debug */ = {
			isa = XCBuildConfiguration;
			baseConfigurationReference = D76E2FB827980A08B3277E55 /* Pods-NetworkUITests.debug.xcconfig */;
			buildSettings = {
				ALWAYS_EMBED_SWIFT_STANDARD_LIBRARIES = YES;
				CODE_SIGN_STYLE = Automatic;
				INFOPLIST_FILE = NetworkUITests/Info.plist;
				LD_RUNPATH_SEARCH_PATHS = (
					"$(inherited)",
					"@executable_path/Frameworks",
					"@loader_path/Frameworks",
				);
				PRODUCT_BUNDLE_IDENTIFIER = sss.NetworkUITests;
				PRODUCT_NAME = "$(TARGET_NAME)";
				SWIFT_VERSION = 4.2;
				TARGETED_DEVICE_FAMILY = "1,2";
				TEST_TARGET_NAME = Network;
			};
			name = Debug;
		};
		04A82D2922CD94AE00E9BC78 /* Release */ = {
			isa = XCBuildConfiguration;
			baseConfigurationReference = DC7B22B7DDE8F053C5FC094A /* Pods-NetworkUITests.release.xcconfig */;
			buildSettings = {
				ALWAYS_EMBED_SWIFT_STANDARD_LIBRARIES = YES;
				CODE_SIGN_STYLE = Automatic;
				INFOPLIST_FILE = NetworkUITests/Info.plist;
				LD_RUNPATH_SEARCH_PATHS = (
					"$(inherited)",
					"@executable_path/Frameworks",
					"@loader_path/Frameworks",
				);
				PRODUCT_BUNDLE_IDENTIFIER = sss.NetworkUITests;
				PRODUCT_NAME = "$(TARGET_NAME)";
				SWIFT_VERSION = 4.2;
				TARGETED_DEVICE_FAMILY = "1,2";
				TEST_TARGET_NAME = Network;
			};
			name = Release;
		};
/* End XCBuildConfiguration section */

/* Begin XCConfigurationList section */
		04A82CF422CD94AC00E9BC78 /* Build configuration list for PBXProject "Network" */ = {
			isa = XCConfigurationList;
			buildConfigurations = (
				04A82D1F22CD94AE00E9BC78 /* Debug */,
				04A82D2022CD94AE00E9BC78 /* Release */,
			);
			defaultConfigurationIsVisible = 0;
			defaultConfigurationName = Release;
		};
		04A82D2122CD94AE00E9BC78 /* Build configuration list for PBXNativeTarget "Network" */ = {
			isa = XCConfigurationList;
			buildConfigurations = (
				04A82D2222CD94AE00E9BC78 /* Debug */,
				04A82D2322CD94AE00E9BC78 /* Release */,
			);
			defaultConfigurationIsVisible = 0;
			defaultConfigurationName = Release;
		};
		04A82D2422CD94AE00E9BC78 /* Build configuration list for PBXNativeTarget "NetworkTests" */ = {
			isa = XCConfigurationList;
			buildConfigurations = (
				04A82D2522CD94AE00E9BC78 /* Debug */,
				04A82D2622CD94AE00E9BC78 /* Release */,
			);
			defaultConfigurationIsVisible = 0;
			defaultConfigurationName = Release;
		};
		04A82D2722CD94AE00E9BC78 /* Build configuration list for PBXNativeTarget "NetworkUITests" */ = {
			isa = XCConfigurationList;
			buildConfigurations = (
				04A82D2822CD94AE00E9BC78 /* Debug */,
				04A82D2922CD94AE00E9BC78 /* Release */,
			);
			defaultConfigurationIsVisible = 0;
			defaultConfigurationName = Release;
		};
/* End XCConfigurationList section */
	};
	rootObject = 04A82CF122CD94AC00E9BC78 /* Project object */;
}
